
Microsoft Visual Studio Solution File, Format Version 12.00
# Visual Studio Version 17
VisualStudioVersion = 17.13.35931.197 d17.13
MinimumVisualStudioVersion = 10.0.40219.1
Project("{FAE04EC0-301F-11D3-BF4B-00C04F79EFBC}") = "MovieRecommendProject", "MovieRecommendProject.csproj", "{966D664B-5A31-4402-ADE0-C3FAD168BFD0}"
EndProject
Global
	GlobalSection(SolutionConfigurationPlatforms) = preSolution
		Debug|Any CPU = Debug|Any CPU
		Release|Any CPU = Release|Any CPU
	EndGlobalSection
	GlobalSection(ProjectConfigurationPlatforms) = postSolution
		{966D664B-5A31-4402-ADE0-C3FAD168BFD0}.Debug|Any CPU.ActiveCfg = Debug|Any CPU
		{966D664B-5A31-4402-ADE0-C3FAD168BFD0}.Debug|Any CPU.Build.0 = Debug|Any CPU
		{966D664B-5A31-4402-ADE0-C3FAD168BFD0}.Release|Any CPU.ActiveCfg = Release|Any CPU
		{966D664B-5A31-4402-ADE0-C3FAD168BFD0}.Release|Any CPU.Build.0 = Release|Any CPU
	EndGlobalSection
	GlobalSection(SolutionProperties) = preSolution
		HideSolutionNode = FALSE
	EndGlobalSection
	GlobalSection(ExtensibilityGlobals) = postSolution
		SolutionGuid = {B7191B77-2BF5-45EA-BB15-22915A668C1D}
	EndGlobalSection
EndGlobal
